{
  "name": "@korusbyanthm/regex",
  "version": "1.3.3",
  "lockfileVersion": 2,
  "requires": true,
  "packages": {
    "": {
      "name": "@korusbyanthm/regex",
      "version": "1.3.3",
      "license": "UNLICENSED",
      "dependencies": {
        "country-data": "^0.0.31",
        "email-regex": "^5.0.0",
        "email-validator": "^2.0.4",
        "password-meter": "^3.9.3",
        "phone": "^3.1.31",
        "phone-regex": "^2.1.0"
      },
      "devDependencies": {
        "@types/country-data": "^0.0.2"
      }
    },
    "node_modules/@types/country-data": {
      "version": "0.0.2",
      "resolved": "https://registry.npmjs.org/@types/country-data/-/country-data-0.0.2.tgz",
      "integrity": "sha512-9TtlOfoHEMWojmAV1IoisMlM9kXGw4QDAamkXUiCZBtU9sY3187naTc1OXwD3QVE1mMkPZbBVdyjVdBu7wJlNA==",
      "dev": true
    },
    "node_modules/country-data": {
      "version": "0.0.31",
      "resolved": "https://registry.npmjs.org/country-data/-/country-data-0.0.31.tgz",
      "integrity": "sha512-YqlY/i6ikZwoBFfdjK+hJTGaBdTgDpXLI15MCj2UsXZ2cPBb+Kx86AXmDH7PRGt0LUleck0cCgNdWeIhfbcxkQ==",
      "dependencies": {
        "currency-symbol-map": "~2",
        "underscore": ">1.4.4"
      }
    },
    "node_modules/currency-symbol-map": {
      "version": "2.2.0",
      "resolved": "https://registry.npmjs.org/currency-symbol-map/-/currency-symbol-map-2.2.0.tgz",
      "integrity": "sha512-fPZJ3jqM68+AAgqQ7UaGbgHL/39rp6l7GyqS2k1HJPu/kpS8D07x/+Uup6a9tCUKIlOFcRrDCf1qxSt8jnI5BA=="
    },
    "node_modules/email-regex": {
      "version": "5.0.0",
      "resolved": "https://registry.npmjs.org/email-regex/-/email-regex-5.0.0.tgz",
      "integrity": "sha512-he76Cm8JFxb6OGQHabLBPdsiStgPmJeAEhctmw0uhonUh1pCBsHpI6/rB62s2GNzjBb0YlhIcF/1l9Lp5AfH0Q==",
      "engines": {
        "node": ">=12"
      },
      "funding": {
        "url": "https://github.com/sponsors/sindresorhus"
      }
    },
    "node_modules/email-validator": {
      "version": "2.0.4",
      "resolved": "https://registry.npmjs.org/email-validator/-/email-validator-2.0.4.tgz",
      "integrity": "sha512-gYCwo7kh5S3IDyZPLZf6hSS0MnZT8QmJFqYvbqlDZSbwdZlY6QZWxJ4i/6UhITOJ4XzyI647Bm2MXKCLqnJ4nQ==",
      "engines": {
        "node": ">4.0"
      }
    },
    "node_modules/password-meter": {
      "version": "3.9.3",
      "resolved": "https://registry.npmjs.org/password-meter/-/password-meter-3.9.3.tgz",
      "integrity": "sha512-S0TSkXZ4w6B/ykYPJR3mRuJCz2c73kPub7C0o02dgcmpB6fX0hikewpmWxqRbwuvBHcJXfC8+D7g/Qq/eBrv9g==",
      "engines": {
        "node": ">=12",
        "npm": ">=6"
      }
    },
    "node_modules/phone": {
      "version": "3.1.31",
      "resolved": "https://registry.npmjs.org/phone/-/phone-3.1.31.tgz",
      "integrity": "sha512-rx0Gpn6ILyASMB1uyr9vn2x5sVVjD+thveGIt+oeUN+Djv11j5OnmBkZSH/pmw1hJtOHbeGegpXtmYMQYC8K4w==",
      "engines": {
        "node": ">=12"
      }
    },
    "node_modules/phone-regex": {
      "version": "2.1.0",
      "resolved": "https://registry.npmjs.org/phone-regex/-/phone-regex-2.1.0.tgz",
      "integrity": "sha512-9lXTghLpr/jU6Dx9JIacAUt3Hl7qVucW8+Iqwx99dvFSO9imlB2xvY6IyT6Sw554QTtHMnhvPUygGaN5k0pv9Q=="
    },
    "node_modules/underscore": {
      "version": "1.13.6",
      "resolved": "https://registry.npmjs.org/underscore/-/underscore-1.13.6.tgz",
      "integrity": "sha512-+A5Sja4HP1M08MaXya7p5LvjuM7K6q/2EaC0+iovj/wOcMsTzMvDFbasi/oSapiwOlt252IqsKqPjCl7huKS0A=="
    }
  },
  "dependencies": {
    "@types/country-data": {
      "version": "0.0.2",
      "resolved": "https://registry.npmjs.org/@types/country-data/-/country-data-0.0.2.tgz",
      "integrity": "sha512-9TtlOfoHEMWojmAV1IoisMlM9kXGw4QDAamkXUiCZBtU9sY3187naTc1OXwD3QVE1mMkPZbBVdyjVdBu7wJlNA==",
      "dev": true
    },
    "country-data": {
      "version": "0.0.31",
      "resolved": "https://registry.npmjs.org/country-data/-/country-data-0.0.31.tgz",
      "integrity": "sha512-YqlY/i6ikZwoBFfdjK+hJTGaBdTgDpXLI15MCj2UsXZ2cPBb+Kx86AXmDH7PRGt0LUleck0cCgNdWeIhfbcxkQ==",
      "requires": {
        "currency-symbol-map": "~2",
        "underscore": ">1.4.4"
      }
    },
    "currency-symbol-map": {
      "version": "2.2.0",
      "resolved": "https://registry.npmjs.org/currency-symbol-map/-/currency-symbol-map-2.2.0.tgz",
      "integrity": "sha512-fPZJ3jqM68+AAgqQ7UaGbgHL/39rp6l7GyqS2k1HJPu/kpS8D07x/+Uup6a9tCUKIlOFcRrDCf1qxSt8jnI5BA=="
    },
    "email-regex": {
      "version": "5.0.0",
      "resolved": "https://registry.npmjs.org/email-regex/-/email-regex-5.0.0.tgz",
      "integrity": "sha512-he76Cm8JFxb6OGQHabLBPdsiStgPmJeAEhctmw0uhonUh1pCBsHpI6/rB62s2GNzjBb0YlhIcF/1l9Lp5AfH0Q=="
    },
    "email-validator": {
      "version": "2.0.4",
      "resolved": "https://registry.npmjs.org/email-validator/-/email-validator-2.0.4.tgz",
      "integrity": "sha512-gYCwo7kh5S3IDyZPLZf6hSS0MnZT8QmJFqYvbqlDZSbwdZlY6QZWxJ4i/6UhITOJ4XzyI647Bm2MXKCLqnJ4nQ=="
    },
    "password-meter": {
      "version": "3.9.3",
      "resolved": "https://registry.npmjs.org/password-meter/-/password-meter-3.9.3.tgz",
      "integrity": "sha512-S0TSkXZ4w6B/ykYPJR3mRuJCz2c73kPub7C0o02dgcmpB6fX0hikewpmWxqRbwuvBHcJXfC8+D7g/Qq/eBrv9g=="
    },
    "phone": {
      "version": "3.1.31",
      "resolved": "https://registry.npmjs.org/phone/-/phone-3.1.31.tgz",
      "integrity": "sha512-rx0Gpn6ILyASMB1uyr9vn2x5sVVjD+thveGIt+oeUN+Djv11j5OnmBkZSH/pmw1hJtOHbeGegpXtmYMQYC8K4w=="
    },
    "phone-regex": {
      "version": "2.1.0",
      "resolved": "https://registry.npmjs.org/phone-regex/-/phone-regex-2.1.0.tgz",
      "integrity": "sha512-9lXTghLpr/jU6Dx9JIacAUt3Hl7qVucW8+Iqwx99dvFSO9imlB2xvY6IyT6Sw554QTtHMnhvPUygGaN5k0pv9Q=="
    },
    "underscore": {
      "version": "1.13.6",
      "resolved": "https://registry.npmjs.org/underscore/-/underscore-1.13.6.tgz",
      "integrity": "sha512-+A5Sja4HP1M08MaXya7p5LvjuM7K6q/2EaC0+iovj/wOcMsTzMvDFbasi/oSapiwOlt252IqsKqPjCl7huKS0A=="
    }
  }
}
